// !$*UTF8*$!
{
	archiveVersion = 1;
	classes = {
	};
	objectVersion = 50;
	objects = {

/* Begin PBXBuildFile section */
		8DC418A8207FE10100E0FAC4 /* AppDelegate.swift in Sources */ = {isa = PBXBuildFile; fileRef = 8DC418A7207FE10100E0FAC4 /* AppDelegate.swift */; };
		8DC418AA207FE10200E0FAC4 /* ViewController.swift in Sources */ = {isa = PBXBuildFile; fileRef = 8DC418A9207FE10200E0FAC4 /* ViewController.swift */; };
		8DC418AD207FE10200E0FAC4 /* Main.storyboard in Resources */ = {isa = PBXBuildFile; fileRef = 8DC418AB207FE10200E0FAC4 /* Main.storyboard */; };
		8DC418AF207FE10600E0FAC4 /* Assets.xcassets in Resources */ = {isa = PBXBuildFile; fileRef = 8DC418AE207FE10600E0FAC4 /* Assets.xcassets */; };
		8DC418B2207FE10600E0FAC4 /* LaunchScreen.storyboard in Resources */ = {isa = PBXBuildFile; fileRef = 8DC418B0207FE10600E0FAC4 /* LaunchScreen.storyboard */; };
		8DC418BD207FE10600E0FAC4 /* recipe_appTests.swift in Sources */ = {isa = PBXBuildFile; fileRef = 8DC418BC207FE10600E0FAC4 /* recipe_appTests.swift */; };
		8DC418C8207FE10600E0FAC4 /* recipe_appUITests.swift in Sources */ = {isa = PBXBuildFile; fileRef = 8DC418C7207FE10600E0FAC4 /* recipe_appUITests.swift */; };
/* End PBXBuildFile section */

/* Begin PBXContainerItemProxy section */
		8DC418B9207FE10600E0FAC4 /* PBXContainerItemProxy */ = {
			isa = PBXContainerItemProxy;
			containerPortal = 8DC4189C207FE10100E0FAC4 /* Project object */;
			proxyType = 1;
			remoteGlobalIDString = 8DC418A3207FE10100E0FAC4;
			remoteInfo = "recipe app";
		};
		8DC418C4207FE10600E0FAC4 /* PBXContainerItemProxy */ = {
			isa = PBXContainerItemProxy;
			containerPortal = 8DC4189C207FE10100E0FAC4 /* Project object */;
			proxyType = 1;
			remoteGlobalIDString = 8DC418A3207FE10100E0FAC4;
			remoteInfo = "recipe app";
		};
/* End PBXContainerItemProxy section */

/* Begin PBXFileReference section */
		8DC418A4207FE10100E0FAC4 /* recipe app.app */ = {isa = PBXFileReference; explicitFileType = wrapper.application; includeInIndex = 0; path = "recipe app.app"; sourceTree = BUILT_PRODUCTS_DIR; };
		8DC418A7207FE10100E0FAC4 /* AppDelegate.swift */ = {isa = PBXFileReference; lastKnownFileType = sourcecode.swift; path = AppDelegate.swift; sourceTree = "<group>"; };
		8DC418A9207FE10200E0FAC4 /* ViewController.swift */ = {isa = PBXFileReference; lastKnownFileType = sourcecode.swift; path = ViewController.swift; sourceTree = "<group>"; };
		8DC418AC207FE10200E0FAC4 /* Base */ = {isa = PBXFileReference; lastKnownFileType = file.storyboard; name = Base; path = Base.lproj/Main.storyboard; sourceTree = "<group>"; };
		8DC418AE207FE10600E0FAC4 /* Assets.xcassets */ = {isa = PBXFileReference; lastKnownFileType = folder.assetcatalog; path = Assets.xcassets; sourceTree = "<group>"; };
		8DC418B1207FE10600E0FAC4 /* Base */ = {isa = PBXFileReference; lastKnownFileType = file.storyboard; name = Base; path = Base.lproj/LaunchScreen.storyboard; sourceTree = "<group>"; };
		8DC418B3207FE10600E0FAC4 /* Info.plist */ = {isa = PBXFileReference; lastKnownFileType = text.plist.xml; path = Info.plist; sourceTree = "<group>"; };
		8DC418B8207FE10600E0FAC4 /* recipe appTests.xctest */ = {isa = PBXFileReference; explicitFileType = wrapper.cfbundle; includeInIndex = 0; path = "recipe appTests.xctest"; sourceTree = BUILT_PRODUCTS_DIR; };
		8DC418BC207FE10600E0FAC4 /* recipe_appTests.swift */ = {isa = PBXFileReference; lastKnownFileType = sourcecode.swift; path = recipe_appTests.swift; sourceTree = "<group>"; };
		8DC418BE207FE10600E0FAC4 /* Info.plist */ = {isa = PBXFileReference; lastKnownFileType = text.plist.xml; path = Info.plist; sourceTree = "<group>"; };
		8DC418C3207FE10600E0FAC4 /* recipe appUITests.xctest */ = {isa = PBXFileReference; explicitFileType = wrapper.cfbundle; includeInIndex = 0; path = "recipe appUITests.xctest"; sourceTree = BUILT_PRODUCTS_DIR; };
		8DC418C7207FE10600E0FAC4 /* recipe_appUITests.swift */ = {isa = PBXFileReference; lastKnownFileType = sourcecode.swift; path = recipe_appUITests.swift; sourceTree = "<group>"; };
		8DC418C9207FE10600E0FAC4 /* Info.plist */ = {isa = PBXFileReference; lastKnownFileType = text.plist.xml; path = Info.plist; sourceTree = "<group>"; };
/* End PBXFileReference section */

/* Begin PBXFrameworksBuildPhase section */
		8DC418A1207FE10100E0FAC4 /* Frameworks */ = {
			isa = PBXFrameworksBuildPhase;
			buildActionMask = 2147483647;
			files = (
			);
			runOnlyForDeploymentPostprocessing = 0;
		};
		8DC418B5207FE10600E0FAC4 /* Frameworks */ = {
			isa = PBXFrameworksBuildPhase;
			buildActionMask = 2147483647;
			files = (
			);
			runOnlyForDeploymentPostprocessing = 0;
		};
		8DC418C0207FE10600E0FAC4 /* Frameworks */ = {
			isa = PBXFrameworksBuildPhase;
			buildActionMask = 2147483647;
			files = (
			);
			runOnlyForDeploymentPostprocessing = 0;
		};
/* End PBXFrameworksBuildPhase section */

/* Begin PBXGroup section */
		8DC4189B207FE10100E0FAC4 = {
			isa = PBXGroup;
			children = (
				8DC418A6207FE10100E0FAC4 /* recipe app */,
				8DC418BB207FE10600E0FAC4 /* recipe appTests */,
				8DC418C6207FE10600E0FAC4 /* recipe appUITests */,
				8DC418A5207FE10100E0FAC4 /* Products */,
			);
			sourceTree = "<group>";
		};
		8DC418A5207FE10100E0FAC4 /* Products */ = {
			isa = PBXGroup;
			children = (
				8DC418A4207FE10100E0FAC4 /* recipe app.app */,
				8DC418B8207FE10600E0FAC4 /* recipe appTests.xctest */,
				8DC418C3207FE10600E0FAC4 /* recipe appUITests.xctest */,
			);
			name = Products;
			sourceTree = "<group>";
		};
		8DC418A6207FE10100E0FAC4 /* recipe app */ = {
			isa = PBXGroup;
			children = (
				8DC418A7207FE10100E0FAC4 /* AppDelegate.swift */,
				8DC418A9207FE10200E0FAC4 /* ViewController.swift */,
				8DC418AB207FE10200E0FAC4 /* Main.storyboard */,
				8DC418AE207FE10600E0FAC4 /* Assets.xcassets */,
				8DC418B0207FE10600E0FAC4 /* LaunchScreen.storyboard */,
				8DC418B3207FE10600E0FAC4 /* Info.plist */,
			);
			path = "recipe app";
			sourceTree = "<group>";
		};
		8DC418BB207FE10600E0FAC4 /* recipe appTests */ = {
			isa = PBXGroup;
			children = (
				8DC418BC207FE10600E0FAC4 /* recipe_appTests.swift */,
				8DC418BE207FE10600E0FAC4 /* Info.plist */,
			);
			path = "recipe appTests";
			sourceTree = "<group>";
		};
		8DC418C6207FE10600E0FAC4 /* recipe appUITests */ = {
			isa = PBXGroup;
			children = (
				8DC418C7207FE10600E0FAC4 /* recipe_appUITests.swift */,
				8DC418C9207FE10600E0FAC4 /* Info.plist */,
			);
			path = "recipe appUITests";
			sourceTree = "<group>";
		};
/* End PBXGroup section */

/* Begin PBXNativeTarget section */
		8DC418A3207FE10100E0FAC4 /* recipe app */ = {
			isa = PBXNativeTarget;
			buildConfigurationList = 8DC418CC207FE10600E0FAC4 /* Build configuration list for PBXNativeTarget "recipe app" */;
			buildPhases = (
				8DC418A0207FE10100E0FAC4 /* Sources */,
				8DC418A1207FE10100E0FAC4 /* Frameworks */,
				8DC418A2207FE10100E0FAC4 /* Resources */,
			);
			buildRules = (
			);
			dependencies = (
			);
			name = "recipe app";
			productName = "recipe app";
			productReference = 8DC418A4207FE10100E0FAC4 /* recipe app.app */;
			productType = "com.apple.product-type.application";
		};
		8DC418B7207FE10600E0FAC4 /* recipe appTests */ = {
			isa = PBXNativeTarget;
			buildConfigurationList = 8DC418CF207FE10600E0FAC4 /* Build configuration list for PBXNativeTarget "recipe appTests" */;
			buildPhases = (
				8DC418B4207FE10600E0FAC4 /* Sources */,
				8DC418B5207FE10600E0FAC4 /* Frameworks */,
				8DC418B6207FE10600E0FAC4 /* Resources */,
			);
			buildRules = (
			);
			dependencies = (
				8DC418BA207FE10600E0FAC4 /* PBXTargetDependency */,
			);
			name = "recipe appTests";
			productName = "recipe appTests";
			productReference = 8DC418B8207FE10600E0FAC4 /* recipe appTests.xctest */;
			productType = "com.apple.product-type.bundle.unit-test";
		};
		8DC418C2207FE10600E0FAC4 /* recipe appUITests */ = {
			isa = PBXNativeTarget;
			buildConfigurationList = 8DC418D2207FE10600E0FAC4 /* Build configuration list for PBXNativeTarget "recipe appUITests" */;
			buildPhases = (
				8DC418BF207FE10600E0FAC4 /* Sources */,
				8DC418C0207FE10600E0FAC4 /* Frameworks */,
				8DC418C1207FE10600E0FAC4 /* Resources */,
			);
			buildRules = (
			);
			dependencies = (
				8DC418C5207FE10600E0FAC4 /* PBXTargetDependency */,
			);
			name = "recipe appUITests";
			productName = "recipe appUITests";
			productReference = 8DC418C3207FE10600E0FAC4 /* recipe appUITests.xctest */;
			productType = "com.apple.product-type.bundle.ui-testing";
		};
/* End PBXNativeTarget section */

/* Begin PBXProject section */
		8DC4189C207FE10100E0FAC4 /* Project object */ = {
			isa = PBXProject;
			attributes = {
				LastSwiftUpdateCheck = 0930;
				LastUpgradeCheck = 0930;
				ORGANIZATIONNAME = Jamila;
				TargetAttributes = {
					8DC418A3207FE10100E0FAC4 = {
						CreatedOnToolsVersion = 9.3;
					};
					8DC418B7207FE10600E0FAC4 = {
						CreatedOnToolsVersion = 9.3;
						TestTargetID = 8DC418A3207FE10100E0FAC4;
					};
					8DC418C2207FE10600E0FAC4 = {
						CreatedOnToolsVersion = 9.3;
						TestTargetID = 8DC418A3207FE10100E0FAC4;
					};
				};
			};
			buildConfigurationList = 8DC4189F207FE10100E0FAC4 /* Build configuration list for PBXProject "recipe app" */;
			compatibilityVersion = "Xcode 9.3";
			developmentRegion = en;
			hasScannedForEncodings = 0;
			knownRegions = (
				en,
				Base,
			);
			mainGroup = 8DC4189B207FE10100E0FAC4;
			productRefGroup = 8DC418A5207FE10100E0FAC4 /* Products */;
			projectDirPath = "";
			projectRoot = "";
			targets = (
				8DC418A3207FE10100E0FAC4 /* recipe app */,
				8DC418B7207FE10600E0FAC4 /* recipe appTests */,
				8DC418C2207FE10600E0FAC4 /* recipe appUITests */,
			);
		};
/* End PBXProject section */

/* Begin PBXResourcesBuildPhase section */
		8DC418A2207FE10100E0FAC4 /* Resources */ = {
			isa = PBXResourcesBuildPhase;
			buildActionMask = 2147483647;
			files = (
				8DC418B2207FE10600E0FAC4 /* LaunchScreen.storyboard in Resources */,
				8DC418AF207FE10600E0FAC4 /* Assets.xcassets in Resources */,
				8DC418AD207FE10200E0FAC4 /* Main.storyboard in Resources */,
			);
			runOnlyForDeploymentPostprocessing = 0;
		};
		8DC418B6207FE10600E0FAC4 /* Resources */ = {
			isa = PBXResourcesBuildPhase;
			buildActionMask = 2147483647;
			files = (
			);
			runOnlyForDeploymentPostprocessing = 0;
		};
		8DC418C1207FE10600E0FAC4 /* Resources */ = {
			isa = PBXResourcesBuildPhase;
			buildActionMask = 2147483647;
			files = (
			);
			runOnlyForDeploymentPostprocessing = 0;
		};
/* End PBXResourcesBuildPhase section */

/* Begin PBXSourcesBuildPhase section */
		8DC418A0207FE10100E0FAC4 /* Sources */ = {
			isa = PBXSourcesBuildPhase;
			buildActionMask = 2147483647;
			files = (
				8DC418AA207FE10200E0FAC4 /* ViewController.swift in Sources */,
				8DC418A8207FE10100E0FAC4 /* AppDelegate.swift in Sources */,
			);
			runOnlyForDeploymentPostprocessing = 0;
		};
		8DC418B4207FE10600E0FAC4 /* Sources */ = {
			isa = PBXSourcesBuildPhase;
			buildActionMask = 2147483647;
			files = (
				8DC418BD207FE10600E0FAC4 /* recipe_appTests.swift in Sources */,
			);
			runOnlyForDeploymentPostprocessing = 0;
		};
		8DC418BF207FE10600E0FAC4 /* Sources */ = {
			isa = PBXSourcesBuildPhase;
			buildActionMask = 2147483647;
			files = (
				8DC418C8207FE10600E0FAC4 /* recipe_appUITests.swift in Sources */,
			);
			runOnlyForDeploymentPostprocessing = 0;
		};
/* End PBXSourcesBuildPhase section */

/* Begin PBXTargetDependency section */
		8DC418BA207FE10600E0FAC4 /* PBXTargetDependency */ = {
			isa = PBXTargetDependency;
			target = 8DC418A3207FE10100E0FAC4 /* recipe app */;
			targetProxy = 8DC418B9207FE10600E0FAC4 /* PBXContainerItemProxy */;
		};
		8DC418C5207FE10600E0FAC4 /* PBXTargetDependency */ = {
			isa = PBXTargetDependency;
			target = 8DC418A3207FE10100E0FAC4 /* recipe app */;
			targetProxy = 8DC418C4207FE10600E0FAC4 /* PBXContainerItemProxy */;
		};
/* End PBXTargetDependency section */

/* Begin PBXVariantGroup section */
		8DC418AB207FE10200E0FAC4 /* Main.storyboard */ = {
			isa = PBXVariantGroup;
			children = (
				8DC418AC207FE10200E0FAC4 /* Base */,
			);
			name = Main.storyboard;
			sourceTree = "<group>";
		};
		8DC418B0207FE10600E0FAC4 /* LaunchScreen.storyboard */ = {
			isa = PBXVariantGroup;
			children = (
				8DC418B1207FE10600E0FAC4 /* Base */,
			);
			name = LaunchScreen.storyboard;
			sourceTree = "<group>";
		};
/* End PBXVariantGroup section */

/* Begin XCBuildConfiguration section */
		8DC418CA207FE10600E0FAC4 /* Debug */ = {
			isa = XCBuildConfiguration;
			buildSettings = {
				ALWAYS_SEARCH_USER_PATHS = NO;
				CLANG_ANALYZER_NONNULL = YES;
				CLANG_ANALYZER_NUMBER_OBJECT_CONVERSION = YES_AGGRESSIVE;
				CLANG_CXX_LANGUAGE_STANDARD = "gnu++14";
				CLANG_CXX_LIBRARY = "libc++";
				CLANG_ENABLE_MODULES = YES;
				CLANG_ENABLE_OBJC_ARC = YES;
				CLANG_ENABLE_OBJC_WEAK = YES;
				CLANG_WARN_BLOCK_CAPTURE_AUTORELEASING = YES;
				CLANG_WARN_BOOL_CONVERSION = YES;
				CLANG_WARN_COMMA = YES;
				CLANG_WARN_CONSTANT_CONVERSION = YES;
				CLANG_WARN_DEPRECATED_OBJC_IMPLEMENTATIONS = YES;
				CLANG_WARN_DIRECT_OBJC_ISA_USAGE = YES_ERROR;
				CLANG_WARN_DOCUMENTATION_COMMENTS = YES;
				CLANG_WARN_EMPTY_BODY = YES;
				CLANG_WARN_ENUM_CONVERSION = YES;
				CLANG_WARN_INFINITE_RECURSION = YES;
				CLANG_WARN_INT_CONVERSION = YES;
				CLANG_WARN_NON_LITERAL_NULL_CONVERSION = YES;
				CLANG_WARN_OBJC_IMPLICIT_RETAIN_SELF = YES;
				CLANG_WARN_OBJC_LITERAL_CONVERSION = YES;
				CLANG_WARN_OBJC_ROOT_CLASS = YES_ERROR;
				CLANG_WARN_RANGE_LOOP_ANALYSIS = YES;
				CLANG_WARN_STRICT_PROTOTYPES = YES;
				CLANG_WARN_SUSPICIOUS_MOVE = YES;
				CLANG_WARN_UNGUARDED_AVAILABILITY = YES_AGGRESSIVE;
				CLANG_WARN_UNREACHABLE_CODE = YES;
				CLANG_WARN__DUPLICATE_METHOD_MATCH = YES;
				CODE_SIGN_IDENTITY = "iPhone Developer";
				COPY_PHASE_STRIP = NO;
				DEBUG_INFORMATION_FORMAT = dwarf;
				ENABLE_STRICT_OBJC_MSGSEND = YES;
				ENABLE_TESTABILITY = YES;
				GCC_C_LANGUAGE_STANDARD = gnu11;
				GCC_DYNAMIC_NO_PIC = NO;
				GCC_NO_COMMON_BLOCKS = YES;
				GCC_OPTIMIZATION_LEVEL = 0;
				GCC_PREPROCESSOR_DEFINITIONS = (
					"DEBUG=1",
					"$(inherited)",
				);
				GCC_WARN_64_TO_32_BIT_CONVERSION = YES;
				GCC_WARN_ABOUT_RETURN_TYPE = YES_ERROR;
				GCC_WARN_UNDECLARED_SELECTOR = YES;
				GCC_WARN_UNINITIALIZED_AUTOS = YES_AGGRESSIVE;
				GCC_WARN_UNUSED_FUNCTION = YES;
				GCC_WARN_UNUSED_VARIABLE = YES;
				IPHONEOS_DEPLOYMENT_TARGET = 11.3;
				MTL_ENABLE_DEBUG_INFO = YES;
				ONLY_ACTIVE_ARCH = YES;
				SDKROOT = iphoneos;
				SWIFT_ACTIVE_COMPILATION_CONDITIONS = DEBUG;
				SWIFT_OPTIMIZATION_LEVEL = "-Onone";
			};
			name = Debug;
		};
		8DC418CB207FE10600E0FAC4 /* Release */ = {
			isa = XCBuildConfiguration;
			buildSettings = {
				ALWAYS_SEARCH_USER_PATHS = NO;
				CLANG_ANALYZER_NONNULL = YES;
				CLANG_ANALYZER_NUMBER_OBJECT_CONVERSION = YES_AGGRESSIVE;
				CLANG_CXX_LANGUAGE_STANDARD = "gnu++14";
				CLANG_CXX_LIBRARY = "libc++";
				CLANG_ENABLE_MODULES = YES;
				CLANG_ENABLE_OBJC_ARC = YES;
				CLANG_ENABLE_OBJC_WEAK = YES;
				CLANG_WARN_BLOCK_CAPTURE_AUTORELEASING = YES;
				CLANG_WARN_BOOL_CONVERSION = YES;
				CLANG_WARN_COMMA = YES;
				CLANG_WARN_CONSTANT_CONVERSION = YES;
				CLANG_WARN_DEPRECATED_OBJC_IMPLEMENTATIONS = YES;
				CLANG_WARN_DIRECT_OBJC_ISA_USAGE = YES_ERROR;
				CLANG_WARN_DOCUMENTATION_COMMENTS = YES;
				CLANG_WARN_EMPTY_BODY = YES;
				CLANG_WARN_ENUM_CONVERSION = YES;
				CLANG_WARN_INFINITE_RECURSION = YES;
				CLANG_WARN_INT_CONVERSION = YES;
				CLANG_WARN_NON_LITERAL_NULL_CONVERSION = YES;
				CLANG_WARN_OBJC_IMPLICIT_RETAIN_SELF = YES;
				CLANG_WARN_OBJC_LITERAL_CONVERSION = YES;
				CLANG_WARN_OBJC_ROOT_CLASS = YES_ERROR;
				CLANG_WARN_RANGE_LOOP_ANALYSIS = YES;
				CLANG_WARN_STRICT_PROTOTYPES = YES;
				CLANG_WARN_SUSPICIOUS_MOVE = YES;
				CLANG_WARN_UNGUARDED_AVAILABILITY = YES_AGGRESSIVE;
				CLANG_WARN_UNREACHABLE_CODE = YES;
				CLANG_WARN__DUPLICATE_METHOD_MATCH = YES;
				CODE_SIGN_IDENTITY = "iPhone Developer";
				COPY_PHASE_STRIP = NO;
				DEBUG_INFORMATION_FORMAT = "dwarf-with-dsym";
				ENABLE_NS_ASSERTIONS = NO;
				ENABLE_STRICT_OBJC_MSGSEND = YES;
				GCC_C_LANGUAGE_STANDARD = gnu11;
				GCC_NO_COMMON_BLOCKS = YES;
				GCC_WARN_64_TO_32_BIT_CONVERSION = YES;
				GCC_WARN_ABOUT_RETURN_TYPE = YES_ERROR;
				GCC_WARN_UNDECLARED_SELECTOR = YES;
				GCC_WARN_UNINITIALIZED_AUTOS = YES_AGGRESSIVE;
				GCC_WARN_UNUSED_FUNCTION = YES;
				GCC_WARN_UNUSED_VARIABLE = YES;
				IPHONEOS_DEPLOYMENT_TARGET = 11.3;
				MTL_ENABLE_DEBUG_INFO = NO;
				SDKROOT = iphoneos;
				SWIFT_COMPILATION_MODE = wholemodule;
				SWIFT_OPTIMIZATION_LEVEL = "-O";
				VALIDATE_PRODUCT = YES;
			};
			name = Release;
		};
		8DC418CD207FE10600E0FAC4 /* Debug */ = {
			isa = XCBuildConfiguration;
			buildSettings = {
				ASSETCATALOG_COMPILER_APPICON_NAME = AppIcon;
				CODE_SIGN_STYLE = Automatic;
				INFOPLIST_FILE = "recipe app/Info.plist";
				LD_RUNPATH_SEARCH_PATHS = (
					"$(inherited)",
					"@executable_path/Frameworks",
				);
				PRODUCT_BUNDLE_IDENTIFIER = "jamilakeba.recipe-app";
				PRODUCT_NAME = "$(TARGET_NAME)";
				SWIFT_VERSION = 4.0;
				TARGETED_DEVICE_FAMILY = "1,2";
			};
			name = Debug;
		};
		8DC418CE207FE10600E0FAC4 /* Release */ = {
			isa = XCBuildConfiguration;
			buildSettings = {
				ASSETCATALOG_COMPILER_APPICON_NAME = AppIcon;
				CODE_SIGN_STYLE = Automatic;
				INFOPLIST_FILE = "recipe app/Info.plist";
				LD_RUNPATH_SEARCH_PATHS = (
					"$(inherited)",
					"@executable_path/Frameworks",
				);
				PRODUCT_BUNDLE_IDENTIFIER = "jamilakeba.recipe-app";
				PRODUCT_NAME = "$(TARGET_NAME)";
				SWIFT_VERSION = 4.0;
				TARGETED_DEVICE_FAMILY = "1,2";
			};
			name = Release;
		};
		8DC418D0207FE10600E0FAC4 /* Debug */ = {
			isa = XCBuildConfiguration;
			buildSettings = {
				ALWAYS_EMBED_SWIFT_STANDARD_LIBRARIES = YES;
				BUNDLE_LOADER = "$(TEST_HOST)";
				CODE_SIGN_STYLE = Automatic;
				INFOPLIST_FILE = "recipe appTests/Info.plist";
				LD_RUNPATH_SEARCH_PATHS = (
					"$(inherited)",
					"@executable_path/Frameworks",
					"@loader_path/Frameworks",
				);
				PRODUCT_BUNDLE_IDENTIFIER = "jamilakeba.recipe-appTests";
				PRODUCT_NAME = "$(TARGET_NAME)";
				SWIFT_VERSION = 4.0;
				TARGETED_DEVICE_FAMILY = "1,2";
				TEST_HOST = "$(BUILT_PRODUCTS_DIR)/recipe app.app/recipe app";
			};
			name = Debug;
		};
		8DC418D1207FE10600E0FAC4 /* Release */ = {
			isa = XCBuildConfiguration;
			buildSettings = {
				ALWAYS_EMBED_SWIFT_STANDARD_LIBRARIES = YES;
				BUNDLE_LOADER = "$(TEST_HOST)";
				CODE_SIGN_STYLE = Automatic;
				INFOPLIST_FILE = "recipe appTests/Info.plist";
				LD_RUNPATH_SEARCH_PATHS = (
					"$(inherited)",
					"@executable_path/Frameworks",
					"@loader_path/Frameworks",
				);
				PRODUCT_BUNDLE_IDENTIFIER = "jamilakeba.recipe-appTests";
				PRODUCT_NAME = "$(TARGET_NAME)";
				SWIFT_VERSION = 4.0;
				TARGETED_DEVICE_FAMILY = "1,2";
				TEST_HOST = "$(BUILT_PRODUCTS_DIR)/recipe app.app/recipe app";
			};
			name = Release;
		};
		8DC418D3207FE10600E0FAC4 /* Debug */ = {
			isa = XCBuildConfiguration;
			buildSettings = {
				ALWAYS_EMBED_SWIFT_STANDARD_LIBRARIES = YES;
				CODE_SIGN_STYLE = Automatic;
				INFOPLIST_FILE = "recipe appUITests/Info.plist";
				LD_RUNPATH_SEARCH_PATHS = (
					"$(inherited)",
					"@executable_path/Frameworks",
					"@loader_path/Frameworks",
				);
				PRODUCT_BUNDLE_IDENTIFIER = "jamilakeba.recipe-appUITests";
				PRODUCT_NAME = "$(TARGET_NAME)";
				SWIFT_VERSION = 4.0;
				TARGETED_DEVICE_FAMILY = "1,2";
				TEST_TARGET_NAME = "recipe app";
			};
			name = Debug;
		};
		8DC418D4207FE10600E0FAC4 /* Release */ = {
			isa = XCBuildConfiguration;
			buildSettings = {
				ALWAYS_EMBED_SWIFT_STANDARD_LIBRARIES = YES;
				CODE_SIGN_STYLE = Automatic;
				INFOPLIST_FILE = "recipe appUITests/Info.plist";
				LD_RUNPATH_SEARCH_PATHS = (
					"$(inherited)",
					"@executable_path/Frameworks",
					"@loader_path/Frameworks",
				);
				PRODUCT_BUNDLE_IDENTIFIER = "jamilakeba.recipe-appUITests";
				PRODUCT_NAME = "$(TARGET_NAME)";
				SWIFT_VERSION = 4.0;
				TARGETED_DEVICE_FAMILY = "1,2";
				TEST_TARGET_NAME = "recipe app";
			};
			name = Release;
		};
/* End XCBuildConfiguration section */

/* Begin XCConfigurationList section */
		8DC4189F207FE10100E0FAC4 /* Build configuration list for PBXProject "recipe app" */ = {
			isa = XCConfigurationList;
			buildConfigurations = (
				8DC418CA207FE10600E0FAC4 /* Debug */,
				8DC418CB207FE10600E0FAC4 /* Release */,
			);
			defaultConfigurationIsVisible = 0;
			defaultConfigurationName = Release;
		};
		8DC418CC207FE10600E0FAC4 /* Build configuration list for PBXNativeTarget "recipe app" */ = {
			isa = XCConfigurationList;
			buildConfigurations = (
				8DC418CD207FE10600E0FAC4 /* Debug */,
				8DC418CE207FE10600E0FAC4 /* Release */,
			);
			defaultConfigurationIsVisible = 0;
			defaultConfigurationName = Release;
		};
		8DC418CF207FE10600E0FAC4 /* Build configuration list for PBXNativeTarget "recipe appTests" */ = {
			isa = XCConfigurationList;
			buildConfigurations = (
				8DC418D0207FE10600E0FAC4 /* Debug */,
				8DC418D1207FE10600E0FAC4 /* Release */,
			);
			defaultConfigurationIsVisible = 0;
			defaultConfigurationName = Release;
		};
		8DC418D2207FE10600E0FAC4 /* Build configuration list for PBXNativeTarget "recipe appUITests" */ = {
			isa = XCConfigurationList;
			buildConfigurations = (
				8DC418D3207FE10600E0FAC4 /* Debug */,
				8DC418D4207FE10600E0FAC4 /* Release */,
			);
			defaultConfigurationIsVisible = 0;
			defaultConfigurationName = Release;
		};
/* End XCConfigurationList section */
	};
	rootObject = 8DC4189C207FE10100E0FAC4 /* Project object */;
}
